// !$*UTF8*$!
{
	archiveVersion = 1;
	classes = {
	};
	objectVersion = 46;
	objects = {

/* Begin PBXBuildFile section */
		355A70131D9AB99800167655 /* AppDelegate.swift in Sources */ = {isa = PBXBuildFile; fileRef = 355A70121D9AB99800167655 /* AppDelegate.swift */; };
		355A70181D9AB99800167655 /* Main.storyboard in Resources */ = {isa = PBXBuildFile; fileRef = 355A70161D9AB99800167655 /* Main.storyboard */; };
		355A701A1D9AB99800167655 /* Assets.xcassets in Resources */ = {isa = PBXBuildFile; fileRef = 355A70191D9AB99800167655 /* Assets.xcassets */; };
		355A701D1D9AB99800167655 /* LaunchScreen.storyboard in Resources */ = {isa = PBXBuildFile; fileRef = 355A701B1D9AB99800167655 /* LaunchScreen.storyboard */; };
		355A70261D9AB9E400167655 /* TweeterTableViewController.swift in Sources */ = {isa = PBXBuildFile; fileRef = 355A70251D9AB9E400167655 /* TweeterTableViewController.swift */; };
		35780AAE1D9C38320074C260 /* TweeterTableViewCell.swift in Sources */ = {isa = PBXBuildFile; fileRef = 35780AAD1D9C38320074C260 /* TweeterTableViewCell.swift */; };
		35C690501D9ACD4300D638D6 /* Twitter.framework in Frameworks */ = {isa = PBXBuildFile; fileRef = 35C6904F1D9ACD4300D638D6 /* Twitter.framework */; };
/* End PBXBuildFile section */

/* Begin PBXFileReference section */
		355A700F1D9AB99800167655 /* SmashtagPractice.app */ = {isa = PBXFileReference; explicitFileType = wrapper.application; includeInIndex = 0; path = SmashtagPractice.app; sourceTree = BUILT_PRODUCTS_DIR; };
		355A70121D9AB99800167655 /* AppDelegate.swift */ = {isa = PBXFileReference; lastKnownFileType = sourcecode.swift; path = AppDelegate.swift; sourceTree = "<group>"; };
		355A70171D9AB99800167655 /* Base */ = {isa = PBXFileReference; lastKnownFileType = file.storyboard; name = Base; path = Base.lproj/Main.storyboard; sourceTree = "<group>"; };
		355A70191D9AB99800167655 /* Assets.xcassets */ = {isa = PBXFileReference; lastKnownFileType = folder.assetcatalog; path = Assets.xcassets; sourceTree = "<group>"; };
		355A701C1D9AB99800167655 /* Base */ = {isa = PBXFileReference; lastKnownFileType = file.storyboard; name = Base; path = Base.lproj/LaunchScreen.storyboard; sourceTree = "<group>"; };
		355A701E1D9AB99800167655 /* Info.plist */ = {isa = PBXFileReference; lastKnownFileType = text.plist.xml; path = Info.plist; sourceTree = "<group>"; };
		355A70251D9AB9E400167655 /* TweeterTableViewController.swift */ = {isa = PBXFileReference; fileEncoding = 4; lastKnownFileType = sourcecode.swift; path = TweeterTableViewController.swift; sourceTree = "<group>"; };
		35780AAD1D9C38320074C260 /* TweeterTableViewCell.swift */ = {isa = PBXFileReference; fileEncoding = 4; lastKnownFileType = sourcecode.swift; path = TweeterTableViewCell.swift; sourceTree = "<group>"; };
		35C6904F1D9ACD4300D638D6 /* Twitter.framework */ = {isa = PBXFileReference; lastKnownFileType = wrapper.framework; name = Twitter.framework; path = "../../../../../Library/Developer/Xcode/DerivedData/TweeterExample-eacrzmccfzrxtfcesquondcrtqwz/Build/Products/Debug-iphoneos/Twitter.framework"; sourceTree = "<group>"; };
/* End PBXFileReference section */

/* Begin PBXFrameworksBuildPhase section */
		355A700C1D9AB99800167655 /* Frameworks */ = {
			isa = PBXFrameworksBuildPhase;
			buildActionMask = 2147483647;
			files = (
				35C690501D9ACD4300D638D6 /* Twitter.framework in Frameworks */,
			);
			runOnlyForDeploymentPostprocessing = 0;
		};
/* End PBXFrameworksBuildPhase section */

/* Begin PBXGroup section */
		355A70061D9AB99800167655 = {
			isa = PBXGroup;
			children = (
				35C6904F1D9ACD4300D638D6 /* Twitter.framework */,
				355A70111D9AB99800167655 /* SmashtagPractice */,
				355A70101D9AB99800167655 /* Products */,
			);
			sourceTree = "<group>";
		};
		355A70101D9AB99800167655 /* Products */ = {
			isa = PBXGroup;
			children = (
				355A700F1D9AB99800167655 /* SmashtagPractice.app */,
			);
			name = Products;
			sourceTree = "<group>";
		};
		355A70111D9AB99800167655 /* SmashtagPractice */ = {
			isa = PBXGroup;
			children = (
				355A70241D9AB9B200167655 /* SupportingFiles */,
				355A70161D9AB99800167655 /* Main.storyboard */,
				35780AAD1D9C38320074C260 /* TweeterTableViewCell.swift */,
				355A70251D9AB9E400167655 /* TweeterTableViewController.swift */,
				355A701E1D9AB99800167655 /* Info.plist */,
			);
			path = SmashtagPractice;
			sourceTree = "<group>";
		};
		355A70241D9AB9B200167655 /* SupportingFiles */ = {
			isa = PBXGroup;
			children = (
				355A70121D9AB99800167655 /* AppDelegate.swift */,
				355A70191D9AB99800167655 /* Assets.xcassets */,
				355A701B1D9AB99800167655 /* LaunchScreen.storyboard */,
			);
			name = SupportingFiles;
			sourceTree = "<group>";
		};
/* End PBXGroup section */

/* Begin PBXNativeTarget section */
		355A700E1D9AB99800167655 /* SmashtagPractice */ = {
			isa = PBXNativeTarget;
			buildConfigurationList = 355A70211D9AB99800167655 /* Build configuration list for PBXNativeTarget "SmashtagPractice" */;
			buildPhases = (
				355A700B1D9AB99800167655 /* Sources */,
				355A700C1D9AB99800167655 /* Frameworks */,
				355A700D1D9AB99800167655 /* Resources */,
			);
			buildRules = (
			);
			dependencies = (
			);
			name = SmashtagPractice;
			productName = SmashtagPractice;
			productReference = 355A700F1D9AB99800167655 /* SmashtagPractice.app */;
			productType = "com.apple.product-type.application";
		};
/* End PBXNativeTarget section */

/* Begin PBXProject section */
		355A70071D9AB99800167655 /* Project object */ = {
			isa = PBXProject;
			attributes = {
				LastSwiftUpdateCheck = 0730;
				LastUpgradeCheck = 0730;
				ORGANIZATIONNAME = PearTree;
				TargetAttributes = {
					355A700E1D9AB99800167655 = {
						CreatedOnToolsVersion = 7.3.1;
						DevelopmentTeam = 3A7P7E57QW;
					};
				};
			};
			buildConfigurationList = 355A700A1D9AB99800167655 /* Build configuration list for PBXProject "SmashtagPractice" */;
			compatibilityVersion = "Xcode 3.2";
			developmentRegion = English;
			hasScannedForEncodings = 0;
			knownRegions = (
				en,
				Base,
			);
			mainGroup = 355A70061D9AB99800167655;
			productRefGroup = 355A70101D9AB99800167655 /* Products */;
			projectDirPath = "";
			projectRoot = "";
			targets = (
				355A700E1D9AB99800167655 /* SmashtagPractice */,
			);
		};
/* End PBXProject section */

/* Begin PBXResourcesBuildPhase section */
		355A700D1D9AB99800167655 /* Resources */ = {
			isa = PBXResourcesBuildPhase;
			buildActionMask = 2147483647;
			files = (
				355A701D1D9AB99800167655 /* LaunchScreen.storyboard in Resources */,
				355A701A1D9AB99800167655 /* Assets.xcassets in Resources */,
				355A70181D9AB99800167655 /* Main.storyboard in Resources */,
			);
			runOnlyForDeploymentPostprocessing = 0;
		};
/* End PBXResourcesBuildPhase section */

/* Begin PBXSourcesBuildPhase section */
		355A700B1D9AB99800167655 /* Sources */ = {
			isa = PBXSourcesBuildPhase;
			buildActionMask = 2147483647;
			files = (
				355A70261D9AB9E400167655 /* TweeterTableViewController.swift in Sources */,
				355A70131D9AB99800167655 /* AppDelegate.swift in Sources */,
				35780AAE1D9C38320074C260 /* TweeterTableViewCell.swift in Sources */,
			);
			runOnlyForDeploymentPostprocessing = 0;
		};
/* End PBXSourcesBuildPhase section */

/* Begin PBXVariantGroup section */
		355A70161D9AB99800167655 /* Main.storyboard */ = {
			isa = PBXVariantGroup;
			children = (
				355A70171D9AB99800167655 /* Base */,
			);
			name = Main.storyboard;
			sourceTree = "<group>";
		};
		355A701B1D9AB99800167655 /* LaunchScreen.storyboard */ = {
			isa = PBXVariantGroup;
			children = (
				355A701C1D9AB99800167655 /* Base */,
			);
			name = LaunchScreen.storyboard;
			sourceTree = "<group>";
		};
/* End PBXVariantGroup section */

/* Begin XCBuildConfiguration section */
		355A701F1D9AB99800167655 /* Debug */ = {
			isa = XCBuildConfiguration;
			buildSettings = {
				ALWAYS_SEARCH_USER_PATHS = NO;
				CLANG_ANALYZER_NONNULL = YES;
				CLANG_CXX_LANGUAGE_STANDARD = "gnu++0x";
				CLANG_CXX_LIBRARY = "libc++";
				CLANG_ENABLE_MODULES = YES;
				CLANG_ENABLE_OBJC_ARC = YES;
				CLANG_WARN_BOOL_CONVERSION = YES;
				CLANG_WARN_CONSTANT_CONVERSION = YES;
				CLANG_WARN_DIRECT_OBJC_ISA_USAGE = YES_ERROR;
				CLANG_WARN_EMPTY_BODY = YES;
				CLANG_WARN_ENUM_CONVERSION = YES;
				CLANG_WARN_INT_CONVERSION = YES;
				CLANG_WARN_OBJC_ROOT_CLASS = YES_ERROR;
				CLANG_WARN_UNREACHABLE_CODE = YES;
				CLANG_WARN__DUPLICATE_METHOD_MATCH = YES;
				"CODE_SIGN_IDENTITY[sdk=iphoneos*]" = "iPhone Developer";
				COPY_PHASE_STRIP = NO;
				DEBUG_INFORMATION_FORMAT = dwarf;
				ENABLE_STRICT_OBJC_MSGSEND = YES;
				ENABLE_TESTABILITY = YES;
				GCC_C_LANGUAGE_STANDARD = gnu99;
				GCC_DYNAMIC_NO_PIC = NO;
				GCC_NO_COMMON_BLOCKS = YES;
				GCC_OPTIMIZATION_LEVEL = 0;
				GCC_PREPROCESSOR_DEFINITIONS = (
					"DEBUG=1",
					"$(inherited)",
				);
				GCC_WARN_64_TO_32_BIT_CONVERSION = YES;
				GCC_WARN_ABOUT_RETURN_TYPE = YES_ERROR;
				GCC_WARN_UNDECLARED_SELECTOR = YES;
				GCC_WARN_UNINITIALIZED_AUTOS = YES_AGGRESSIVE;
				GCC_WARN_UNUSED_FUNCTION = YES;
				GCC_WARN_UNUSED_VARIABLE = YES;
				IPHONEOS_DEPLOYMENT_TARGET = 9.3;
				MTL_ENABLE_DEBUG_INFO = YES;
				ONLY_ACTIVE_ARCH = YES;
				SDKROOT = iphoneos;
				SWIFT_OPTIMIZATION_LEVEL = "-Onone";
			};
			name = Debug;
		};
		355A70201D9AB99800167655 /* Release */ = {
			isa = XCBuildConfiguration;
			buildSettings = {
				ALWAYS_SEARCH_USER_PATHS = NO;
				CLANG_ANALYZER_NONNULL = YES;
				CLANG_CXX_LANGUAGE_STANDARD = "gnu++0x";
				CLANG_CXX_LIBRARY = "libc++";
				CLANG_ENABLE_MODULES = YES;
				CLANG_ENABLE_OBJC_ARC = YES;
				CLANG_WARN_BOOL_CONVERSION = YES;
				CLANG_WARN_CONSTANT_CONVERSION = YES;
				CLANG_WARN_DIRECT_OBJC_ISA_USAGE = YES_ERROR;
				CLANG_WARN_EMPTY_BODY = YES;
				CLANG_WARN_ENUM_CONVERSION = YES;
				CLANG_WARN_INT_CONVERSION = YES;
				CLANG_WARN_OBJC_ROOT_CLASS = YES_ERROR;
				CLANG_WARN_UNREACHABLE_CODE = YES;
				CLANG_WARN__DUPLICATE_METHOD_MATCH = YES;
				"CODE_SIGN_IDENTITY[sdk=iphoneos*]" = "iPhone Developer";
				COPY_PHASE_STRIP = NO;
				DEBUG_INFORMATION_FORMAT = "dwarf-with-dsym";
				ENABLE_NS_ASSERTIONS = NO;
				ENABLE_STRICT_OBJC_MSGSEND = YES;
				GCC_C_LANGUAGE_STANDARD = gnu99;
				GCC_NO_COMMON_BLOCKS = YES;
				GCC_WARN_64_TO_32_BIT_CONVERSION = YES;
				GCC_WARN_ABOUT_RETURN_TYPE = YES_ERROR;
				GCC_WARN_UNDECLARED_SELECTOR = YES;
				GCC_WARN_UNINITIALIZED_AUTOS = YES_AGGRESSIVE;
				GCC_WARN_UNUSED_FUNCTION = YES;
				GCC_WARN_UNUSED_VARIABLE = YES;
				IPHONEOS_DEPLOYMENT_TARGET = 9.3;
				MTL_ENABLE_DEBUG_INFO = NO;
				SDKROOT = iphoneos;
				VALIDATE_PRODUCT = YES;
			};
			name = Release;
		};
		355A70221D9AB99800167655 /* Debug */ = {
			isa = XCBuildConfiguration;
			buildSettings = {
				ASSETCATALOG_COMPILER_APPICON_NAME = AppIcon;
				INFOPLIST_FILE = SmashtagPractice/Info.plist;
				LD_RUNPATH_SEARCH_PATHS = "$(inherited) @executable_path/Frameworks";
				PRODUCT_BUNDLE_IDENTIFIER = ca.peartree.sap.SmashtagPractice;
				PRODUCT_NAME = "$(TARGET_NAME)";
			};
			name = Debug;
		};
		355A70231D9AB99800167655 /* Release */ = {
			isa = XCBuildConfiguration;
			buildSettings = {
				ASSETCATALOG_COMPILER_APPICON_NAME = AppIcon;
				INFOPLIST_FILE = SmashtagPractice/Info.plist;
				LD_RUNPATH_SEARCH_PATHS = "$(inherited) @executable_path/Frameworks";
				PRODUCT_BUNDLE_IDENTIFIER = ca.peartree.sap.SmashtagPractice;
				PRODUCT_NAME = "$(TARGET_NAME)";
			};
			name = Release;
		};
/* End XCBuildConfiguration section */

/* Begin XCConfigurationList section */
		355A700A1D9AB99800167655 /* Build configuration list for PBXProject "SmashtagPractice" */ = {
			isa = XCConfigurationList;
			buildConfigurations = (
				355A701F1D9AB99800167655 /* Debug */,
				355A70201D9AB99800167655 /* Release */,
			);
			defaultConfigurationIsVisible = 0;
			defaultConfigurationName = Release;
		};
		355A70211D9AB99800167655 /* Build configuration list for PBXNativeTarget "SmashtagPractice" */ = {
			isa = XCConfigurationList;
			buildConfigurations = (
				355A70221D9AB99800167655 /* Debug */,
				355A70231D9AB99800167655 /* Release */,
			);
			defaultConfigurationIsVisible = 0;
			defaultConfigurationName = Release;
		};
/* End XCConfigurationList section */
	};
	rootObject = 355A70071D9AB99800167655 /* Project object */;
}
